
Microsoft Visual Studio Solution File, Format Version 12.00
Project("{FAE04EC0-301F-11D3-BF4B-00C04F79EFBC}") = "ConsoleView", "ConsoleView\ConsoleView.csproj", "{94382800-24B4-4022-A081-EC1B144B3F51}"
EndProject
Project("{FAE04EC0-301F-11D3-BF4B-00C04F79EFBC}") = "Core", "Core\Core.csproj", "{022170BF-5382-4FBC-A5E4-2B7C544743D9}"
EndProject
Project("{FAE04EC0-301F-11D3-BF4B-00C04F79EFBC}") = "Core.Test", "Core.Test\Core.Test.csproj", "{8A64CD5D-5DD9-4BF0-A97B-0FCC58640F7D}"
EndProject
Global
	GlobalSection(SolutionConfigurationPlatforms) = preSolution
		Debug|Any CPU = Debug|Any CPU
		Release|Any CPU = Release|Any CPU
	EndGlobalSection
	GlobalSection(ProjectConfigurationPlatforms) = postSolution
		{94382800-24B4-4022-A081-EC1B144B3F51}.Debug|Any CPU.ActiveCfg = Debug|Any CPU
		{94382800-24B4-4022-A081-EC1B144B3F51}.Debug|Any CPU.Build.0 = Debug|Any CPU
		{94382800-24B4-4022-A081-EC1B144B3F51}.Release|Any CPU.ActiveCfg = Release|Any CPU
		{94382800-24B4-4022-A081-EC1B144B3F51}.Release|Any CPU.Build.0 = Release|Any CPU
		{022170BF-5382-4FBC-A5E4-2B7C544743D9}.Debug|Any CPU.ActiveCfg = Debug|Any CPU
		{022170BF-5382-4FBC-A5E4-2B7C544743D9}.Debug|Any CPU.Build.0 = Debug|Any CPU
		{022170BF-5382-4FBC-A5E4-2B7C544743D9}.Release|Any CPU.ActiveCfg = Release|Any CPU
		{022170BF-5382-4FBC-A5E4-2B7C544743D9}.Release|Any CPU.Build.0 = Release|Any CPU
		{8A64CD5D-5DD9-4BF0-A97B-0FCC58640F7D}.Debug|Any CPU.ActiveCfg = Debug|Any CPU
		{8A64CD5D-5DD9-4BF0-A97B-0FCC58640F7D}.Debug|Any CPU.Build.0 = Debug|Any CPU
		{8A64CD5D-5DD9-4BF0-A97B-0FCC58640F7D}.Release|Any CPU.ActiveCfg = Release|Any CPU
		{8A64CD5D-5DD9-4BF0-A97B-0FCC58640F7D}.Release|Any CPU.Build.0 = Release|Any CPU
	EndGlobalSection
EndGlobal
